filippo.io/edwards25519 v1.1.0 h1:FNf4tywRC1HmFuKW5xopWpigGjJKiJSV0Cqo0cJWDaA=
filippo.io/edwards25519 v1.1.0/go.mod h1:BxyFTGdWcka3PhytdK4V28tE5sGfRvvvRV7EaN4VDT4=
go.step.sm/crypto v0.47.0 h1:LWxiKWiN0Y/A5+dq+fTIAvFYAL8oe3PQmCurjtn6ZBU=
go.step.sm/crypto v0.47.0/go.mod h1:0NMEfYrFfV5jqs8aJY5wRqIShBV8y/fyDLTseyv5xhY=
golang.org/x/crypto v0.23.0 h1:dIJU/v2J8Mdglj/8rJ6UUOM3Zc9zLZxVZwwxMooUSAI=
golang.org/x/crypto v0.23.0/go.mod h1:CKFgDieR+mRhux2Lsu27y0fO304Db0wZe70UKqHu0v8=
